
Microsoft Visual Studio Solution File, Format Version 12.00
# Visual Studio Version 16
VisualStudioVersion = 16.0.31911.196
MinimumVisualStudioVersion = 10.0.40219.1
Project("{FAE04EC0-301F-11D3-BF4B-00C04F79EFBC}") = "FlareonWeb", "FlareonWeb\FlareonWeb.csproj", "{A547C780-B5FE-40CC-9B56-3709C3B10793}"
EndProject
Global
	GlobalSection(SolutionConfigurationPlatforms) = preSolution
		Debug|Any CPU = Debug|Any CPU
		Release|Any CPU = Release|Any CPU
	EndGlobalSection
	GlobalSection(ProjectConfigurationPlatforms) = postSolution
		{A547C780-B5FE-40CC-9B56-3709C3B10793}.Debug|Any CPU.ActiveCfg = Debug|Any CPU
		{A547C780-B5FE-40CC-9B56-3709C3B10793}.Debug|Any CPU.Build.0 = Debug|Any CPU
		{A547C780-B5FE-40CC-9B56-3709C3B10793}.Release|Any CPU.ActiveCfg = Release|Any CPU
		{A547C780-B5FE-40CC-9B56-3709C3B10793}.Release|Any CPU.Build.0 = Release|Any CPU
	EndGlobalSection
	GlobalSection(SolutionProperties) = preSolution
		HideSolutionNode = FALSE
	EndGlobalSection
	GlobalSection(ExtensibilityGlobals) = postSolution
		SolutionGuid = {C795EC12-A340-4C26-B002-8781738C08A3}
	EndGlobalSection
EndGlobal
